// !$*UTF8*$!
{
	archiveVersion = 1;
	classes = {
	};
	objectVersion = 46;
	objects = {

/* Begin PBXBuildFile section */
		BB52EC031F0CE34000CC6898 /* AppDelegate.swift in Sources */ = {isa = PBXBuildFile; fileRef = BB52EC021F0CE34000CC6898 /* AppDelegate.swift */; };
		BB52EC051F0CE34000CC6898 /* ViewController.swift in Sources */ = {isa = PBXBuildFile; fileRef = BB52EC041F0CE34000CC6898 /* ViewController.swift */; };
		BB52EC081F0CE34000CC6898 /* Main.storyboard in Resources */ = {isa = PBXBuildFile; fileRef = BB52EC061F0CE34000CC6898 /* Main.storyboard */; };
		BB52EC0A1F0CE34000CC6898 /* Assets.xcassets in Resources */ = {isa = PBXBuildFile; fileRef = BB52EC091F0CE34000CC6898 /* Assets.xcassets */; };
		BB52EC0D1F0CE34000CC6898 /* LaunchScreen.storyboard in Resources */ = {isa = PBXBuildFile; fileRef = BB52EC0B1F0CE34000CC6898 /* LaunchScreen.storyboard */; };
		BB52EC161F0CE56400CC6898 /* VideoModel.swift in Sources */ = {isa = PBXBuildFile; fileRef = BB52EC151F0CE56400CC6898 /* VideoModel.swift */; };
		BB52EC1A1F0CEA1D00CC6898 /* 3333.jpg in Resources */ = {isa = PBXBuildFile; fileRef = BB52EC171F0CEA1D00CC6898 /* 3333.jpg */; };
		BB52EC1B1F0CEA1D00CC6898 /* 4444.jpg in Resources */ = {isa = PBXBuildFile; fileRef = BB52EC181F0CEA1D00CC6898 /* 4444.jpg */; };
		BB52EC1C1F0CEA1D00CC6898 /* 111112.jpg in Resources */ = {isa = PBXBuildFile; fileRef = BB52EC191F0CEA1D00CC6898 /* 111112.jpg */; };
		BB52EC1E1F0CEA5100CC6898 /* VideoTableViewCell.swift in Sources */ = {isa = PBXBuildFile; fileRef = BB52EC1D1F0CEA5100CC6898 /* VideoTableViewCell.swift */; };
		BB52EC211F0CF41800CC6898 /* demo.mp4 in Resources */ = {isa = PBXBuildFile; fileRef = BB52EC201F0CF41800CC6898 /* demo.mp4 */; };
		BB52EC231F0CF51900CC6898 /* AAAA.flv in Resources */ = {isa = PBXBuildFile; fileRef = BB52EC221F0CF51900CC6898 /* AAAA.flv */; };
/* End PBXBuildFile section */

/* Begin PBXFileReference section */
		BB52EBFF1F0CE34000CC6898 /* PlayLocalVideo.app */ = {isa = PBXFileReference; explicitFileType = wrapper.application; includeInIndex = 0; path = PlayLocalVideo.app; sourceTree = BUILT_PRODUCTS_DIR; };
		BB52EC021F0CE34000CC6898 /* AppDelegate.swift */ = {isa = PBXFileReference; lastKnownFileType = sourcecode.swift; path = AppDelegate.swift; sourceTree = "<group>"; };
		BB52EC041F0CE34000CC6898 /* ViewController.swift */ = {isa = PBXFileReference; lastKnownFileType = sourcecode.swift; path = ViewController.swift; sourceTree = "<group>"; };
		BB52EC071F0CE34000CC6898 /* Base */ = {isa = PBXFileReference; lastKnownFileType = file.storyboard; name = Base; path = Base.lproj/Main.storyboard; sourceTree = "<group>"; };
		BB52EC091F0CE34000CC6898 /* Assets.xcassets */ = {isa = PBXFileReference; lastKnownFileType = folder.assetcatalog; path = Assets.xcassets; sourceTree = "<group>"; };
		BB52EC0C1F0CE34000CC6898 /* Base */ = {isa = PBXFileReference; lastKnownFileType = file.storyboard; name = Base; path = Base.lproj/LaunchScreen.storyboard; sourceTree = "<group>"; };
		BB52EC0E1F0CE34000CC6898 /* Info.plist */ = {isa = PBXFileReference; lastKnownFileType = text.plist.xml; path = Info.plist; sourceTree = "<group>"; };
		BB52EC151F0CE56400CC6898 /* VideoModel.swift */ = {isa = PBXFileReference; fileEncoding = 4; lastKnownFileType = sourcecode.swift; path = VideoModel.swift; sourceTree = "<group>"; };
		BB52EC171F0CEA1D00CC6898 /* 3333.jpg */ = {isa = PBXFileReference; lastKnownFileType = image.jpeg; path = 3333.jpg; sourceTree = "<group>"; };
		BB52EC181F0CEA1D00CC6898 /* 4444.jpg */ = {isa = PBXFileReference; lastKnownFileType = image.jpeg; path = 4444.jpg; sourceTree = "<group>"; };
		BB52EC191F0CEA1D00CC6898 /* 111112.jpg */ = {isa = PBXFileReference; lastKnownFileType = image.jpeg; path = 111112.jpg; sourceTree = "<group>"; };
		BB52EC1D1F0CEA5100CC6898 /* VideoTableViewCell.swift */ = {isa = PBXFileReference; fileEncoding = 4; lastKnownFileType = sourcecode.swift; path = VideoTableViewCell.swift; sourceTree = "<group>"; };
		BB52EC201F0CF41800CC6898 /* demo.mp4 */ = {isa = PBXFileReference; lastKnownFileType = file; path = demo.mp4; sourceTree = "<group>"; };
		BB52EC221F0CF51900CC6898 /* AAAA.flv */ = {isa = PBXFileReference; lastKnownFileType = file; path = AAAA.flv; sourceTree = "<group>"; };
/* End PBXFileReference section */

/* Begin PBXFrameworksBuildPhase section */
		BB52EBFC1F0CE34000CC6898 /* Frameworks */ = {
			isa = PBXFrameworksBuildPhase;
			buildActionMask = 2147483647;
			files = (
			);
			runOnlyForDeploymentPostprocessing = 0;
		};
/* End PBXFrameworksBuildPhase section */

/* Begin PBXGroup section */
		BB52EBF61F0CE34000CC6898 = {
			isa = PBXGroup;
			children = (
				BB52EC011F0CE34000CC6898 /* PlayLocalVideo */,
				BB52EC001F0CE34000CC6898 /* Products */,
			);
			sourceTree = "<group>";
		};
		BB52EC001F0CE34000CC6898 /* Products */ = {
			isa = PBXGroup;
			children = (
				BB52EBFF1F0CE34000CC6898 /* PlayLocalVideo.app */,
			);
			name = Products;
			sourceTree = "<group>";
		};
		BB52EC011F0CE34000CC6898 /* PlayLocalVideo */ = {
			isa = PBXGroup;
			children = (
				BB52EC141F0CE35E00CC6898 /* Source */,
				BB52EC021F0CE34000CC6898 /* AppDelegate.swift */,
				BB52EC151F0CE56400CC6898 /* VideoModel.swift */,
				BB52EC041F0CE34000CC6898 /* ViewController.swift */,
				BB52EC061F0CE34000CC6898 /* Main.storyboard */,
				BB52EC091F0CE34000CC6898 /* Assets.xcassets */,
				BB52EC0B1F0CE34000CC6898 /* LaunchScreen.storyboard */,
				BB52EC0E1F0CE34000CC6898 /* Info.plist */,
				BB52EC1D1F0CEA5100CC6898 /* VideoTableViewCell.swift */,
			);
			path = PlayLocalVideo;
			sourceTree = "<group>";
		};
		BB52EC141F0CE35E00CC6898 /* Source */ = {
			isa = PBXGroup;
			children = (
				BB52EC201F0CF41800CC6898 /* demo.mp4 */,
				BB52EC221F0CF51900CC6898 /* AAAA.flv */,
				BB52EC171F0CEA1D00CC6898 /* 3333.jpg */,
				BB52EC181F0CEA1D00CC6898 /* 4444.jpg */,
				BB52EC191F0CEA1D00CC6898 /* 111112.jpg */,
			);
			path = Source;
			sourceTree = "<group>";
		};
/* End PBXGroup section */

/* Begin PBXNativeTarget section */
		BB52EBFE1F0CE34000CC6898 /* PlayLocalVideo */ = {
			isa = PBXNativeTarget;
			buildConfigurationList = BB52EC111F0CE34000CC6898 /* Build configuration list for PBXNativeTarget "PlayLocalVideo" */;
			buildPhases = (
				BB52EBFB1F0CE34000CC6898 /* Sources */,
				BB52EBFC1F0CE34000CC6898 /* Frameworks */,
				BB52EBFD1F0CE34000CC6898 /* Resources */,
			);
			buildRules = (
			);
			dependencies = (
			);
			name = PlayLocalVideo;
			productName = PlayLocalVideo;
			productReference = BB52EBFF1F0CE34000CC6898 /* PlayLocalVideo.app */;
			productType = "com.apple.product-type.application";
		};
/* End PBXNativeTarget section */

/* Begin PBXProject section */
		BB52EBF71F0CE34000CC6898 /* Project object */ = {
			isa = PBXProject;
			attributes = {
				LastSwiftUpdateCheck = 0820;
				LastUpgradeCheck = 0820;
				ORGANIZATIONNAME = chenshukun;
				TargetAttributes = {
					BB52EBFE1F0CE34000CC6898 = {
						CreatedOnToolsVersion = 8.2.1;
						DevelopmentTeam = MMN72LQKV2;
						ProvisioningStyle = Manual;
					};
				};
			};
			buildConfigurationList = BB52EBFA1F0CE34000CC6898 /* Build configuration list for PBXProject "PlayLocalVideo" */;
			compatibilityVersion = "Xcode 3.2";
			developmentRegion = English;
			hasScannedForEncodings = 0;
			knownRegions = (
				en,
				Base,
			);
			mainGroup = BB52EBF61F0CE34000CC6898;
			productRefGroup = BB52EC001F0CE34000CC6898 /* Products */;
			projectDirPath = "";
			projectRoot = "";
			targets = (
				BB52EBFE1F0CE34000CC6898 /* PlayLocalVideo */,
			);
		};
/* End PBXProject section */

/* Begin PBXResourcesBuildPhase section */
		BB52EBFD1F0CE34000CC6898 /* Resources */ = {
			isa = PBXResourcesBuildPhase;
			buildActionMask = 2147483647;
			files = (
				BB52EC231F0CF51900CC6898 /* AAAA.flv in Resources */,
				BB52EC0D1F0CE34000CC6898 /* LaunchScreen.storyboard in Resources */,
				BB52EC0A1F0CE34000CC6898 /* Assets.xcassets in Resources */,
				BB52EC1C1F0CEA1D00CC6898 /* 111112.jpg in Resources */,
				BB52EC1B1F0CEA1D00CC6898 /* 4444.jpg in Resources */,
				BB52EC211F0CF41800CC6898 /* demo.mp4 in Resources */,
				BB52EC081F0CE34000CC6898 /* Main.storyboard in Resources */,
				BB52EC1A1F0CEA1D00CC6898 /* 3333.jpg in Resources */,
			);
			runOnlyForDeploymentPostprocessing = 0;
		};
/* End PBXResourcesBuildPhase section */

/* Begin PBXSourcesBuildPhase section */
		BB52EBFB1F0CE34000CC6898 /* Sources */ = {
			isa = PBXSourcesBuildPhase;
			buildActionMask = 2147483647;
			files = (
				BB52EC051F0CE34000CC6898 /* ViewController.swift in Sources */,
				BB52EC1E1F0CEA5100CC6898 /* VideoTableViewCell.swift in Sources */,
				BB52EC161F0CE56400CC6898 /* VideoModel.swift in Sources */,
				BB52EC031F0CE34000CC6898 /* AppDelegate.swift in Sources */,
			);
			runOnlyForDeploymentPostprocessing = 0;
		};
/* End PBXSourcesBuildPhase section */

/* Begin PBXVariantGroup section */
		BB52EC061F0CE34000CC6898 /* Main.storyboard */ = {
			isa = PBXVariantGroup;
			children = (
				BB52EC071F0CE34000CC6898 /* Base */,
			);
			name = Main.storyboard;
			sourceTree = "<group>";
		};
		BB52EC0B1F0CE34000CC6898 /* LaunchScreen.storyboard */ = {
			isa = PBXVariantGroup;
			children = (
				BB52EC0C1F0CE34000CC6898 /* Base */,
			);
			name = LaunchScreen.storyboard;
			sourceTree = "<group>";
		};
/* End PBXVariantGroup section */

/* Begin XCBuildConfiguration section */
		BB52EC0F1F0CE34000CC6898 /* Debug */ = {
			isa = XCBuildConfiguration;
			buildSettings = {
				ALWAYS_SEARCH_USER_PATHS = NO;
				CLANG_ANALYZER_NONNULL = YES;
				CLANG_CXX_LANGUAGE_STANDARD = "gnu++0x";
				CLANG_CXX_LIBRARY = "libc++";
				CLANG_ENABLE_MODULES = YES;
				CLANG_ENABLE_OBJC_ARC = YES;
				CLANG_WARN_BOOL_CONVERSION = YES;
				CLANG_WARN_CONSTANT_CONVERSION = YES;
				CLANG_WARN_DIRECT_OBJC_ISA_USAGE = YES_ERROR;
				CLANG_WARN_DOCUMENTATION_COMMENTS = YES;
				CLANG_WARN_EMPTY_BODY = YES;
				CLANG_WARN_ENUM_CONVERSION = YES;
				CLANG_WARN_INFINITE_RECURSION = YES;
				CLANG_WARN_INT_CONVERSION = YES;
				CLANG_WARN_OBJC_ROOT_CLASS = YES_ERROR;
				CLANG_WARN_SUSPICIOUS_MOVE = YES;
				CLANG_WARN_UNREACHABLE_CODE = YES;
				CLANG_WARN__DUPLICATE_METHOD_MATCH = YES;
				"CODE_SIGN_IDENTITY[sdk=iphoneos*]" = "iPhone Developer";
				COPY_PHASE_STRIP = NO;
				DEBUG_INFORMATION_FORMAT = dwarf;
				ENABLE_STRICT_OBJC_MSGSEND = YES;
				ENABLE_TESTABILITY = YES;
				GCC_C_LANGUAGE_STANDARD = gnu99;
				GCC_DYNAMIC_NO_PIC = NO;
				GCC_NO_COMMON_BLOCKS = YES;
				GCC_OPTIMIZATION_LEVEL = 0;
				GCC_PREPROCESSOR_DEFINITIONS = (
					"DEBUG=1",
					"$(inherited)",
				);
				GCC_WARN_64_TO_32_BIT_CONVERSION = YES;
				GCC_WARN_ABOUT_RETURN_TYPE = YES_ERROR;
				GCC_WARN_UNDECLARED_SELECTOR = YES;
				GCC_WARN_UNINITIALIZED_AUTOS = YES_AGGRESSIVE;
				GCC_WARN_UNUSED_FUNCTION = YES;
				GCC_WARN_UNUSED_VARIABLE = YES;
				IPHONEOS_DEPLOYMENT_TARGET = 10.2;
				MTL_ENABLE_DEBUG_INFO = YES;
				ONLY_ACTIVE_ARCH = YES;
				SDKROOT = iphoneos;
				SWIFT_ACTIVE_COMPILATION_CONDITIONS = DEBUG;
				SWIFT_OPTIMIZATION_LEVEL = "-Onone";
			};
			name = Debug;
		};
		BB52EC101F0CE34000CC6898 /* Release */ = {
			isa = XCBuildConfiguration;
			buildSettings = {
				ALWAYS_SEARCH_USER_PATHS = NO;
				CLANG_ANALYZER_NONNULL = YES;
				CLANG_CXX_LANGUAGE_STANDARD = "gnu++0x";
				CLANG_CXX_LIBRARY = "libc++";
				CLANG_ENABLE_MODULES = YES;
				CLANG_ENABLE_OBJC_ARC = YES;
				CLANG_WARN_BOOL_CONVERSION = YES;
				CLANG_WARN_CONSTANT_CONVERSION = YES;
				CLANG_WARN_DIRECT_OBJC_ISA_USAGE = YES_ERROR;
				CLANG_WARN_DOCUMENTATION_COMMENTS = YES;
				CLANG_WARN_EMPTY_BODY = YES;
				CLANG_WARN_ENUM_CONVERSION = YES;
				CLANG_WARN_INFINITE_RECURSION = YES;
				CLANG_WARN_INT_CONVERSION = YES;
				CLANG_WARN_OBJC_ROOT_CLASS = YES_ERROR;
				CLANG_WARN_SUSPICIOUS_MOVE = YES;
				CLANG_WARN_UNREACHABLE_CODE = YES;
				CLANG_WARN__DUPLICATE_METHOD_MATCH = YES;
				"CODE_SIGN_IDENTITY[sdk=iphoneos*]" = "iPhone Developer";
				COPY_PHASE_STRIP = NO;
				DEBUG_INFORMATION_FORMAT = "dwarf-with-dsym";
				ENABLE_NS_ASSERTIONS = NO;
				ENABLE_STRICT_OBJC_MSGSEND = YES;
				GCC_C_LANGUAGE_STANDARD = gnu99;
				GCC_NO_COMMON_BLOCKS = YES;
				GCC_WARN_64_TO_32_BIT_CONVERSION = YES;
				GCC_WARN_ABOUT_RETURN_TYPE = YES_ERROR;
				GCC_WARN_UNDECLARED_SELECTOR = YES;
				GCC_WARN_UNINITIALIZED_AUTOS = YES_AGGRESSIVE;
				GCC_WARN_UNUSED_FUNCTION = YES;
				GCC_WARN_UNUSED_VARIABLE = YES;
				IPHONEOS_DEPLOYMENT_TARGET = 10.2;
				MTL_ENABLE_DEBUG_INFO = NO;
				SDKROOT = iphoneos;
				SWIFT_OPTIMIZATION_LEVEL = "-Owholemodule";
				VALIDATE_PRODUCT = YES;
			};
			name = Release;
		};
		BB52EC121F0CE34000CC6898 /* Debug */ = {
			isa = XCBuildConfiguration;
			buildSettings = {
				ASSETCATALOG_COMPILER_APPICON_NAME = AppIcon;
				DEVELOPMENT_TEAM = MMN72LQKV2;
				INFOPLIST_FILE = PlayLocalVideo/Info.plist;
				LD_RUNPATH_SEARCH_PATHS = "$(inherited) @executable_path/Frameworks";
				PRODUCT_BUNDLE_IDENTIFIER = ChenShukun.PlayLocalVideo;
				PRODUCT_NAME = "$(TARGET_NAME)";
				PROVISIONING_PROFILE = "1d5f8539-1bcd-48a2-a9d5-bd571c61736c";
				PROVISIONING_PROFILE_SPECIFIER = ichunqiu.Development;
				SWIFT_VERSION = 3.0;
			};
			name = Debug;
		};
		BB52EC131F0CE34000CC6898 /* Release */ = {
			isa = XCBuildConfiguration;
			buildSettings = {
				ASSETCATALOG_COMPILER_APPICON_NAME = AppIcon;
				DEVELOPMENT_TEAM = "";
				INFOPLIST_FILE = PlayLocalVideo/Info.plist;
				LD_RUNPATH_SEARCH_PATHS = "$(inherited) @executable_path/Frameworks";
				PRODUCT_BUNDLE_IDENTIFIER = ChenShukun.PlayLocalVideo;
				PRODUCT_NAME = "$(TARGET_NAME)";
				SWIFT_VERSION = 3.0;
			};
			name = Release;
		};
/* End XCBuildConfiguration section */

/* Begin XCConfigurationList section */
		BB52EBFA1F0CE34000CC6898 /* Build configuration list for PBXProject "PlayLocalVideo" */ = {
			isa = XCConfigurationList;
			buildConfigurations = (
				BB52EC0F1F0CE34000CC6898 /* Debug */,
				BB52EC101F0CE34000CC6898 /* Release */,
			);
			defaultConfigurationIsVisible = 0;
			defaultConfigurationName = Release;
		};
		BB52EC111F0CE34000CC6898 /* Build configuration list for PBXNativeTarget "PlayLocalVideo" */ = {
			isa = XCConfigurationList;
			buildConfigurations = (
				BB52EC121F0CE34000CC6898 /* Debug */,
				BB52EC131F0CE34000CC6898 /* Release */,
			);
			defaultConfigurationIsVisible = 0;
		};
/* End XCConfigurationList section */
	};
	rootObject = BB52EBF71F0CE34000CC6898 /* Project object */;
}
