// !$*UTF8*$!
{
	archiveVersion = 1;
	classes = {
	};
	objectVersion = 46;
	objects = {

/* Begin PBXBuildFile section */
		BB76326C1F0B643700FB9E3F /* AppDelegate.swift in Sources */ = {isa = PBXBuildFile; fileRef = BB76326B1F0B643700FB9E3F /* AppDelegate.swift */; };
		BB76326E1F0B643700FB9E3F /* ViewController.swift in Sources */ = {isa = PBXBuildFile; fileRef = BB76326D1F0B643700FB9E3F /* ViewController.swift */; };
		BB7632711F0B643700FB9E3F /* Main.storyboard in Resources */ = {isa = PBXBuildFile; fileRef = BB76326F1F0B643700FB9E3F /* Main.storyboard */; };
		BB7632731F0B643700FB9E3F /* Assets.xcassets in Resources */ = {isa = PBXBuildFile; fileRef = BB7632721F0B643700FB9E3F /* Assets.xcassets */; };
		BB7632761F0B643700FB9E3F /* LaunchScreen.storyboard in Resources */ = {isa = PBXBuildFile; fileRef = BB7632741F0B643700FB9E3F /* LaunchScreen.storyboard */; };
/* End PBXBuildFile section */

/* Begin PBXFileReference section */
		BB7632681F0B643700FB9E3F /* Custom Font.app */ = {isa = PBXFileReference; explicitFileType = wrapper.application; includeInIndex = 0; path = "Custom Font.app"; sourceTree = BUILT_PRODUCTS_DIR; };
		BB76326B1F0B643700FB9E3F /* AppDelegate.swift */ = {isa = PBXFileReference; lastKnownFileType = sourcecode.swift; path = AppDelegate.swift; sourceTree = "<group>"; };
		BB76326D1F0B643700FB9E3F /* ViewController.swift */ = {isa = PBXFileReference; lastKnownFileType = sourcecode.swift; path = ViewController.swift; sourceTree = "<group>"; };
		BB7632701F0B643700FB9E3F /* Base */ = {isa = PBXFileReference; lastKnownFileType = file.storyboard; name = Base; path = Base.lproj/Main.storyboard; sourceTree = "<group>"; };
		BB7632721F0B643700FB9E3F /* Assets.xcassets */ = {isa = PBXFileReference; lastKnownFileType = folder.assetcatalog; path = Assets.xcassets; sourceTree = "<group>"; };
		BB7632751F0B643700FB9E3F /* Base */ = {isa = PBXFileReference; lastKnownFileType = file.storyboard; name = Base; path = Base.lproj/LaunchScreen.storyboard; sourceTree = "<group>"; };
		BB7632771F0B643700FB9E3F /* Info.plist */ = {isa = PBXFileReference; lastKnownFileType = text.plist.xml; path = Info.plist; sourceTree = "<group>"; };
/* End PBXFileReference section */

/* Begin PBXFrameworksBuildPhase section */
		BB7632651F0B643700FB9E3F /* Frameworks */ = {
			isa = PBXFrameworksBuildPhase;
			buildActionMask = 2147483647;
			files = (
			);
			runOnlyForDeploymentPostprocessing = 0;
		};
/* End PBXFrameworksBuildPhase section */

/* Begin PBXGroup section */
		BB76325F1F0B643700FB9E3F = {
			isa = PBXGroup;
			children = (
				BB76326A1F0B643700FB9E3F /* Custom Font */,
				BB7632691F0B643700FB9E3F /* Products */,
			);
			sourceTree = "<group>";
		};
		BB7632691F0B643700FB9E3F /* Products */ = {
			isa = PBXGroup;
			children = (
				BB7632681F0B643700FB9E3F /* Custom Font.app */,
			);
			name = Products;
			sourceTree = "<group>";
		};
		BB76326A1F0B643700FB9E3F /* Custom Font */ = {
			isa = PBXGroup;
			children = (
				BB76326B1F0B643700FB9E3F /* AppDelegate.swift */,
				BB76326D1F0B643700FB9E3F /* ViewController.swift */,
				BB76326F1F0B643700FB9E3F /* Main.storyboard */,
				BB7632721F0B643700FB9E3F /* Assets.xcassets */,
				BB7632741F0B643700FB9E3F /* LaunchScreen.storyboard */,
				BB7632771F0B643700FB9E3F /* Info.plist */,
			);
			path = "Custom Font";
			sourceTree = "<group>";
		};
/* End PBXGroup section */

/* Begin PBXNativeTarget section */
		BB7632671F0B643700FB9E3F /* Custom Font */ = {
			isa = PBXNativeTarget;
			buildConfigurationList = BB76327A1F0B643700FB9E3F /* Build configuration list for PBXNativeTarget "Custom Font" */;
			buildPhases = (
				BB7632641F0B643700FB9E3F /* Sources */,
				BB7632651F0B643700FB9E3F /* Frameworks */,
				BB7632661F0B643700FB9E3F /* Resources */,
			);
			buildRules = (
			);
			dependencies = (
			);
			name = "Custom Font";
			productName = "Custom Font";
			productReference = BB7632681F0B643700FB9E3F /* Custom Font.app */;
			productType = "com.apple.product-type.application";
		};
/* End PBXNativeTarget section */

/* Begin PBXProject section */
		BB7632601F0B643700FB9E3F /* Project object */ = {
			isa = PBXProject;
			attributes = {
				LastSwiftUpdateCheck = 0820;
				LastUpgradeCheck = 0820;
				ORGANIZATIONNAME = chenshukun;
				TargetAttributes = {
					BB7632671F0B643700FB9E3F = {
						CreatedOnToolsVersion = 8.2.1;
						DevelopmentTeam = MMN72LQKV2;
						ProvisioningStyle = Manual;
					};
				};
			};
			buildConfigurationList = BB7632631F0B643700FB9E3F /* Build configuration list for PBXProject "Custom Font" */;
			compatibilityVersion = "Xcode 3.2";
			developmentRegion = English;
			hasScannedForEncodings = 0;
			knownRegions = (
				en,
				Base,
			);
			mainGroup = BB76325F1F0B643700FB9E3F;
			productRefGroup = BB7632691F0B643700FB9E3F /* Products */;
			projectDirPath = "";
			projectRoot = "";
			targets = (
				BB7632671F0B643700FB9E3F /* Custom Font */,
			);
		};
/* End PBXProject section */

/* Begin PBXResourcesBuildPhase section */
		BB7632661F0B643700FB9E3F /* Resources */ = {
			isa = PBXResourcesBuildPhase;
			buildActionMask = 2147483647;
			files = (
				BB7632761F0B643700FB9E3F /* LaunchScreen.storyboard in Resources */,
				BB7632731F0B643700FB9E3F /* Assets.xcassets in Resources */,
				BB7632711F0B643700FB9E3F /* Main.storyboard in Resources */,
			);
			runOnlyForDeploymentPostprocessing = 0;
		};
/* End PBXResourcesBuildPhase section */

/* Begin PBXSourcesBuildPhase section */
		BB7632641F0B643700FB9E3F /* Sources */ = {
			isa = PBXSourcesBuildPhase;
			buildActionMask = 2147483647;
			files = (
				BB76326E1F0B643700FB9E3F /* ViewController.swift in Sources */,
				BB76326C1F0B643700FB9E3F /* AppDelegate.swift in Sources */,
			);
			runOnlyForDeploymentPostprocessing = 0;
		};
/* End PBXSourcesBuildPhase section */

/* Begin PBXVariantGroup section */
		BB76326F1F0B643700FB9E3F /* Main.storyboard */ = {
			isa = PBXVariantGroup;
			children = (
				BB7632701F0B643700FB9E3F /* Base */,
			);
			name = Main.storyboard;
			sourceTree = "<group>";
		};
		BB7632741F0B643700FB9E3F /* LaunchScreen.storyboard */ = {
			isa = PBXVariantGroup;
			children = (
				BB7632751F0B643700FB9E3F /* Base */,
			);
			name = LaunchScreen.storyboard;
			sourceTree = "<group>";
		};
/* End PBXVariantGroup section */

/* Begin XCBuildConfiguration section */
		BB7632781F0B643700FB9E3F /* Debug */ = {
			isa = XCBuildConfiguration;
			buildSettings = {
				ALWAYS_SEARCH_USER_PATHS = NO;
				CLANG_ANALYZER_NONNULL = YES;
				CLANG_CXX_LANGUAGE_STANDARD = "gnu++0x";
				CLANG_CXX_LIBRARY = "libc++";
				CLANG_ENABLE_MODULES = YES;
				CLANG_ENABLE_OBJC_ARC = YES;
				CLANG_WARN_BOOL_CONVERSION = YES;
				CLANG_WARN_CONSTANT_CONVERSION = YES;
				CLANG_WARN_DIRECT_OBJC_ISA_USAGE = YES_ERROR;
				CLANG_WARN_DOCUMENTATION_COMMENTS = YES;
				CLANG_WARN_EMPTY_BODY = YES;
				CLANG_WARN_ENUM_CONVERSION = YES;
				CLANG_WARN_INFINITE_RECURSION = YES;
				CLANG_WARN_INT_CONVERSION = YES;
				CLANG_WARN_OBJC_ROOT_CLASS = YES_ERROR;
				CLANG_WARN_SUSPICIOUS_MOVE = YES;
				CLANG_WARN_UNREACHABLE_CODE = YES;
				CLANG_WARN__DUPLICATE_METHOD_MATCH = YES;
				"CODE_SIGN_IDENTITY[sdk=iphoneos*]" = "iPhone Developer";
				COPY_PHASE_STRIP = NO;
				DEBUG_INFORMATION_FORMAT = dwarf;
				ENABLE_STRICT_OBJC_MSGSEND = YES;
				ENABLE_TESTABILITY = YES;
				GCC_C_LANGUAGE_STANDARD = gnu99;
				GCC_DYNAMIC_NO_PIC = NO;
				GCC_NO_COMMON_BLOCKS = YES;
				GCC_OPTIMIZATION_LEVEL = 0;
				GCC_PREPROCESSOR_DEFINITIONS = (
					"DEBUG=1",
					"$(inherited)",
				);
				GCC_WARN_64_TO_32_BIT_CONVERSION = YES;
				GCC_WARN_ABOUT_RETURN_TYPE = YES_ERROR;
				GCC_WARN_UNDECLARED_SELECTOR = YES;
				GCC_WARN_UNINITIALIZED_AUTOS = YES_AGGRESSIVE;
				GCC_WARN_UNUSED_FUNCTION = YES;
				GCC_WARN_UNUSED_VARIABLE = YES;
				IPHONEOS_DEPLOYMENT_TARGET = 10.2;
				MTL_ENABLE_DEBUG_INFO = YES;
				ONLY_ACTIVE_ARCH = YES;
				SDKROOT = iphoneos;
				SWIFT_ACTIVE_COMPILATION_CONDITIONS = DEBUG;
				SWIFT_OPTIMIZATION_LEVEL = "-Onone";
			};
			name = Debug;
		};
		BB7632791F0B643700FB9E3F /* Release */ = {
			isa = XCBuildConfiguration;
			buildSettings = {
				ALWAYS_SEARCH_USER_PATHS = NO;
				CLANG_ANALYZER_NONNULL = YES;
				CLANG_CXX_LANGUAGE_STANDARD = "gnu++0x";
				CLANG_CXX_LIBRARY = "libc++";
				CLANG_ENABLE_MODULES = YES;
				CLANG_ENABLE_OBJC_ARC = YES;
				CLANG_WARN_BOOL_CONVERSION = YES;
				CLANG_WARN_CONSTANT_CONVERSION = YES;
				CLANG_WARN_DIRECT_OBJC_ISA_USAGE = YES_ERROR;
				CLANG_WARN_DOCUMENTATION_COMMENTS = YES;
				CLANG_WARN_EMPTY_BODY = YES;
				CLANG_WARN_ENUM_CONVERSION = YES;
				CLANG_WARN_INFINITE_RECURSION = YES;
				CLANG_WARN_INT_CONVERSION = YES;
				CLANG_WARN_OBJC_ROOT_CLASS = YES_ERROR;
				CLANG_WARN_SUSPICIOUS_MOVE = YES;
				CLANG_WARN_UNREACHABLE_CODE = YES;
				CLANG_WARN__DUPLICATE_METHOD_MATCH = YES;
				"CODE_SIGN_IDENTITY[sdk=iphoneos*]" = "iPhone Developer";
				COPY_PHASE_STRIP = NO;
				DEBUG_INFORMATION_FORMAT = "dwarf-with-dsym";
				ENABLE_NS_ASSERTIONS = NO;
				ENABLE_STRICT_OBJC_MSGSEND = YES;
				GCC_C_LANGUAGE_STANDARD = gnu99;
				GCC_NO_COMMON_BLOCKS = YES;
				GCC_WARN_64_TO_32_BIT_CONVERSION = YES;
				GCC_WARN_ABOUT_RETURN_TYPE = YES_ERROR;
				GCC_WARN_UNDECLARED_SELECTOR = YES;
				GCC_WARN_UNINITIALIZED_AUTOS = YES_AGGRESSIVE;
				GCC_WARN_UNUSED_FUNCTION = YES;
				GCC_WARN_UNUSED_VARIABLE = YES;
				IPHONEOS_DEPLOYMENT_TARGET = 10.2;
				MTL_ENABLE_DEBUG_INFO = NO;
				SDKROOT = iphoneos;
				SWIFT_OPTIMIZATION_LEVEL = "-Owholemodule";
				VALIDATE_PRODUCT = YES;
			};
			name = Release;
		};
		BB76327B1F0B643700FB9E3F /* Debug */ = {
			isa = XCBuildConfiguration;
			buildSettings = {
				ASSETCATALOG_COMPILER_APPICON_NAME = AppIcon;
				"CODE_SIGN_IDENTITY[sdk=iphoneos*]" = "iPhone Developer";
				DEVELOPMENT_TEAM = MMN72LQKV2;
				INFOPLIST_FILE = "Custom Font/Info.plist";
				LD_RUNPATH_SEARCH_PATHS = "$(inherited) @executable_path/Frameworks";
				PRODUCT_BUNDLE_IDENTIFIER = "ChenShukun.Custom-Font";
				PRODUCT_NAME = "$(TARGET_NAME)";
				PROVISIONING_PROFILE = "1d5f8539-1bcd-48a2-a9d5-bd571c61736c";
				PROVISIONING_PROFILE_SPECIFIER = ichunqiu.Development;
				SWIFT_VERSION = 3.0;
			};
			name = Debug;
		};
		BB76327C1F0B643700FB9E3F /* Release */ = {
			isa = XCBuildConfiguration;
			buildSettings = {
				ASSETCATALOG_COMPILER_APPICON_NAME = AppIcon;
				DEVELOPMENT_TEAM = "";
				INFOPLIST_FILE = "Custom Font/Info.plist";
				LD_RUNPATH_SEARCH_PATHS = "$(inherited) @executable_path/Frameworks";
				PRODUCT_BUNDLE_IDENTIFIER = "ChenShukun.Custom-Font";
				PRODUCT_NAME = "$(TARGET_NAME)";
				SWIFT_VERSION = 3.0;
			};
			name = Release;
		};
/* End XCBuildConfiguration section */

/* Begin XCConfigurationList section */
		BB7632631F0B643700FB9E3F /* Build configuration list for PBXProject "Custom Font" */ = {
			isa = XCConfigurationList;
			buildConfigurations = (
				BB7632781F0B643700FB9E3F /* Debug */,
				BB7632791F0B643700FB9E3F /* Release */,
			);
			defaultConfigurationIsVisible = 0;
			defaultConfigurationName = Release;
		};
		BB76327A1F0B643700FB9E3F /* Build configuration list for PBXNativeTarget "Custom Font" */ = {
			isa = XCConfigurationList;
			buildConfigurations = (
				BB76327B1F0B643700FB9E3F /* Debug */,
				BB76327C1F0B643700FB9E3F /* Release */,
			);
			defaultConfigurationIsVisible = 0;
		};
/* End XCConfigurationList section */
	};
	rootObject = BB7632601F0B643700FB9E3F /* Project object */;
}
